// !$*UTF8*$!
{
	archiveVersion = 1;
	classes = {
	};
	objectVersion = 52;
	objects = {

/* Begin PBXBuildFile section */
		662B06C02479935200CD20B5 /* SwiftDate in Frameworks */ = {isa = PBXBuildFile; productRef = 662B06BF2479935200CD20B5 /* SwiftDate */; };
		662B06C6247AEFAB00CD20B5 /* SwiftyJSON in Frameworks */ = {isa = PBXBuildFile; productRef = 662B06C5247AEFAB00CD20B5 /* SwiftyJSON */; };
		662B06CE247AFC7800CD20B5 /* SwiftHEXColors in Frameworks */ = {isa = PBXBuildFile; productRef = 662B06CD247AFC7800CD20B5 /* SwiftHEXColors */; };
		662B06D0247B00DB00CD20B5 /* HostingController.swift in Sources */ = {isa = PBXBuildFile; fileRef = 662B06CF247B00DB00CD20B5 /* HostingController.swift */; };
		66B42520247983310009BF17 /* TrailStatus.swift in Sources */ = {isa = PBXBuildFile; fileRef = 66B4251F247983310009BF17 /* TrailStatus.swift */; };
		66B42522247983D70009BF17 /* Webservice.swift in Sources */ = {isa = PBXBuildFile; fileRef = 66B42521247983D70009BF17 /* Webservice.swift */; };
		66B425252479864F0009BF17 /* TrailStatusViewModel.swift in Sources */ = {isa = PBXBuildFile; fileRef = 66B425242479864F0009BF17 /* TrailStatusViewModel.swift */; };
		66D149A3249E918F009BE0E0 /* FetchingStatusView.swift in Sources */ = {isa = PBXBuildFile; fileRef = 66D149A2249E918F009BE0E0 /* FetchingStatusView.swift */; };
		66D149A5249E923A009BE0E0 /* CurrentStatusView.swift in Sources */ = {isa = PBXBuildFile; fileRef = 66D149A4249E923A009BE0E0 /* CurrentStatusView.swift */; };
		66D56A1B2474B473006E8796 /* AppDelegate.swift in Sources */ = {isa = PBXBuildFile; fileRef = 66D56A1A2474B473006E8796 /* AppDelegate.swift */; };
		66D56A1D2474B473006E8796 /* SceneDelegate.swift in Sources */ = {isa = PBXBuildFile; fileRef = 66D56A1C2474B473006E8796 /* SceneDelegate.swift */; };
		66D56A1F2474B473006E8796 /* ContentView.swift in Sources */ = {isa = PBXBuildFile; fileRef = 66D56A1E2474B473006E8796 /* ContentView.swift */; };
		66D56A212474B473006E8796 /* Assets.xcassets in Resources */ = {isa = PBXBuildFile; fileRef = 66D56A202474B473006E8796 /* Assets.xcassets */; };
		66D56A242474B473006E8796 /* Preview Assets.xcassets in Resources */ = {isa = PBXBuildFile; fileRef = 66D56A232474B473006E8796 /* Preview Assets.xcassets */; };
		66D56A272474B473006E8796 /* LaunchScreen.storyboard in Resources */ = {isa = PBXBuildFile; fileRef = 66D56A252474B473006E8796 /* LaunchScreen.storyboard */; };
/* End PBXBuildFile section */

/* Begin PBXFileReference section */
		66038FEA248D68B100849E5C /* USNWC Trails.entitlements */ = {isa = PBXFileReference; lastKnownFileType = text.plist.entitlements; path = "USNWC Trails.entitlements"; sourceTree = "<group>"; };
		662B06CF247B00DB00CD20B5 /* HostingController.swift */ = {isa = PBXFileReference; lastKnownFileType = sourcecode.swift; path = HostingController.swift; sourceTree = "<group>"; };
		66B4251F247983310009BF17 /* TrailStatus.swift */ = {isa = PBXFileReference; lastKnownFileType = sourcecode.swift; path = TrailStatus.swift; sourceTree = "<group>"; };
		66B42521247983D70009BF17 /* Webservice.swift */ = {isa = PBXFileReference; lastKnownFileType = sourcecode.swift; path = Webservice.swift; sourceTree = "<group>"; };
		66B425242479864F0009BF17 /* TrailStatusViewModel.swift */ = {isa = PBXFileReference; lastKnownFileType = sourcecode.swift; path = TrailStatusViewModel.swift; sourceTree = "<group>"; };
		66D149A2249E918F009BE0E0 /* FetchingStatusView.swift */ = {isa = PBXFileReference; lastKnownFileType = sourcecode.swift; path = FetchingStatusView.swift; sourceTree = "<group>"; };
		66D149A4249E923A009BE0E0 /* CurrentStatusView.swift */ = {isa = PBXFileReference; lastKnownFileType = sourcecode.swift; path = CurrentStatusView.swift; sourceTree = "<group>"; };
		66D56A172474B473006E8796 /* USNWC Trails.app */ = {isa = PBXFileReference; explicitFileType = wrapper.application; includeInIndex = 0; path = "USNWC Trails.app"; sourceTree = BUILT_PRODUCTS_DIR; };
		66D56A1A2474B473006E8796 /* AppDelegate.swift */ = {isa = PBXFileReference; lastKnownFileType = sourcecode.swift; path = AppDelegate.swift; sourceTree = "<group>"; };
		66D56A1C2474B473006E8796 /* SceneDelegate.swift */ = {isa = PBXFileReference; lastKnownFileType = sourcecode.swift; path = SceneDelegate.swift; sourceTree = "<group>"; };
		66D56A1E2474B473006E8796 /* ContentView.swift */ = {isa = PBXFileReference; lastKnownFileType = sourcecode.swift; path = ContentView.swift; sourceTree = "<group>"; };
		66D56A202474B473006E8796 /* Assets.xcassets */ = {isa = PBXFileReference; lastKnownFileType = folder.assetcatalog; path = Assets.xcassets; sourceTree = "<group>"; };
		66D56A232474B473006E8796 /* Preview Assets.xcassets */ = {isa = PBXFileReference; lastKnownFileType = folder.assetcatalog; path = "Preview Assets.xcassets"; sourceTree = "<group>"; };
		66D56A262474B473006E8796 /* Base */ = {isa = PBXFileReference; lastKnownFileType = file.storyboard; name = Base; path = Base.lproj/LaunchScreen.storyboard; sourceTree = "<group>"; };
		66D56A282474B473006E8796 /* Info.plist */ = {isa = PBXFileReference; lastKnownFileType = text.plist.xml; path = Info.plist; sourceTree = "<group>"; };
/* End PBXFileReference section */

/* Begin PBXFrameworksBuildPhase section */
		66D56A142474B473006E8796 /* Frameworks */ = {
			isa = PBXFrameworksBuildPhase;
			buildActionMask = 2147483647;
			files = (
				662B06CE247AFC7800CD20B5 /* SwiftHEXColors in Frameworks */,
				662B06C6247AEFAB00CD20B5 /* SwiftyJSON in Frameworks */,
				662B06C02479935200CD20B5 /* SwiftDate in Frameworks */,
			);
			runOnlyForDeploymentPostprocessing = 0;
		};
/* End PBXFrameworksBuildPhase section */

/* Begin PBXGroup section */
		66B4251D2479831C0009BF17 /* Services */ = {
			isa = PBXGroup;
			children = (
				66B42521247983D70009BF17 /* Webservice.swift */,
			);
			path = Services;
			sourceTree = "<group>";
		};
		66B4251E247983210009BF17 /* Models */ = {
			isa = PBXGroup;
			children = (
				66B4251F247983310009BF17 /* TrailStatus.swift */,
			);
			path = Models;
			sourceTree = "<group>";
		};
		66B425232479863D0009BF17 /* View Models */ = {
			isa = PBXGroup;
			children = (
				66B425242479864F0009BF17 /* TrailStatusViewModel.swift */,
			);
			path = "View Models";
			sourceTree = "<group>";
		};
		66D149A1249E917A009BE0E0 /* Views */ = {
			isa = PBXGroup;
			children = (
				66D149A2249E918F009BE0E0 /* FetchingStatusView.swift */,
				66D149A4249E923A009BE0E0 /* CurrentStatusView.swift */,
			);
			path = Views;
			sourceTree = "<group>";
		};
		66D56A0E2474B473006E8796 = {
			isa = PBXGroup;
			children = (
				66D56A192474B473006E8796 /* USNWC Trails */,
				66D56A182474B473006E8796 /* Products */,
			);
			sourceTree = "<group>";
		};
		66D56A182474B473006E8796 /* Products */ = {
			isa = PBXGroup;
			children = (
				66D56A172474B473006E8796 /* USNWC Trails.app */,
			);
			name = Products;
			sourceTree = "<group>";
		};
		66D56A192474B473006E8796 /* USNWC Trails */ = {
			isa = PBXGroup;
			children = (
				66038FEA248D68B100849E5C /* USNWC Trails.entitlements */,
				66B425232479863D0009BF17 /* View Models */,
				66B4251E247983210009BF17 /* Models */,
				66D149A1249E917A009BE0E0 /* Views */,
				66B4251D2479831C0009BF17 /* Services */,
				66D56A1A2474B473006E8796 /* AppDelegate.swift */,
				66D56A1C2474B473006E8796 /* SceneDelegate.swift */,
				66D56A1E2474B473006E8796 /* ContentView.swift */,
				66D56A202474B473006E8796 /* Assets.xcassets */,
				66D56A252474B473006E8796 /* LaunchScreen.storyboard */,
				66D56A282474B473006E8796 /* Info.plist */,
				66D56A222474B473006E8796 /* Preview Content */,
				662B06CF247B00DB00CD20B5 /* HostingController.swift */,
			);
			path = "USNWC Trails";
			sourceTree = "<group>";
		};
		66D56A222474B473006E8796 /* Preview Content */ = {
			isa = PBXGroup;
			children = (
				66D56A232474B473006E8796 /* Preview Assets.xcassets */,
			);
			path = "Preview Content";
			sourceTree = "<group>";
		};
/* End PBXGroup section */

/* Begin PBXNativeTarget section */
		66D56A162474B473006E8796 /* USNWC Trails */ = {
			isa = PBXNativeTarget;
			buildConfigurationList = 66D56A2B2474B473006E8796 /* Build configuration list for PBXNativeTarget "USNWC Trails" */;
			buildPhases = (
				66D56A132474B473006E8796 /* Sources */,
				66D56A142474B473006E8796 /* Frameworks */,
				66D56A152474B473006E8796 /* Resources */,
			);
			buildRules = (
			);
			dependencies = (
			);
			name = "USNWC Trails";
			packageProductDependencies = (
				662B06BF2479935200CD20B5 /* SwiftDate */,
				662B06C5247AEFAB00CD20B5 /* SwiftyJSON */,
				662B06CD247AFC7800CD20B5 /* SwiftHEXColors */,
			);
			productName = "USNWC Trails";
			productReference = 66D56A172474B473006E8796 /* USNWC Trails.app */;
			productType = "com.apple.product-type.application";
		};
/* End PBXNativeTarget section */

/* Begin PBXProject section */
		66D56A0F2474B473006E8796 /* Project object */ = {
			isa = PBXProject;
			attributes = {
				LastSwiftUpdateCheck = 1140;
				LastUpgradeCheck = 1140;
				ORGANIZATIONNAME = "Grid Research";
				TargetAttributes = {
					66D56A162474B473006E8796 = {
						CreatedOnToolsVersion = 11.4.1;
					};
				};
			};
			buildConfigurationList = 66D56A122474B473006E8796 /* Build configuration list for PBXProject "USNWC Trails" */;
			compatibilityVersion = "Xcode 9.3";
			developmentRegion = en;
			hasScannedForEncodings = 0;
			knownRegions = (
				en,
				Base,
			);
			mainGroup = 66D56A0E2474B473006E8796;
			packageReferences = (
				662B06BE2479935200CD20B5 /* XCRemoteSwiftPackageReference "SwiftDate" */,
				662B06C4247AEFAB00CD20B5 /* XCRemoteSwiftPackageReference "SwiftyJSON" */,
				662B06CC247AFC7800CD20B5 /* XCRemoteSwiftPackageReference "SwiftHEXColors" */,
			);
			productRefGroup = 66D56A182474B473006E8796 /* Products */;
			projectDirPath = "";
			projectRoot = "";
			targets = (
				66D56A162474B473006E8796 /* USNWC Trails */,
			);
		};
/* End PBXProject section */

/* Begin PBXResourcesBuildPhase section */
		66D56A152474B473006E8796 /* Resources */ = {
			isa = PBXResourcesBuildPhase;
			buildActionMask = 2147483647;
			files = (
				66D56A272474B473006E8796 /* LaunchScreen.storyboard in Resources */,
				66D56A242474B473006E8796 /* Preview Assets.xcassets in Resources */,
				66D56A212474B473006E8796 /* Assets.xcassets in Resources */,
			);
			runOnlyForDeploymentPostprocessing = 0;
		};
/* End PBXResourcesBuildPhase section */

/* Begin PBXSourcesBuildPhase section */
		66D56A132474B473006E8796 /* Sources */ = {
			isa = PBXSourcesBuildPhase;
			buildActionMask = 2147483647;
			files = (
				66D56A1B2474B473006E8796 /* AppDelegate.swift in Sources */,
				66B42520247983310009BF17 /* TrailStatus.swift in Sources */,
				66D149A3249E918F009BE0E0 /* FetchingStatusView.swift in Sources */,
				66D149A5249E923A009BE0E0 /* CurrentStatusView.swift in Sources */,
				66B42522247983D70009BF17 /* Webservice.swift in Sources */,
				66D56A1D2474B473006E8796 /* SceneDelegate.swift in Sources */,
				662B06D0247B00DB00CD20B5 /* HostingController.swift in Sources */,
				66D56A1F2474B473006E8796 /* ContentView.swift in Sources */,
				66B425252479864F0009BF17 /* TrailStatusViewModel.swift in Sources */,
			);
			runOnlyForDeploymentPostprocessing = 0;
		};
/* End PBXSourcesBuildPhase section */

/* Begin PBXVariantGroup section */
		66D56A252474B473006E8796 /* LaunchScreen.storyboard */ = {
			isa = PBXVariantGroup;
			children = (
				66D56A262474B473006E8796 /* Base */,
			);
			name = LaunchScreen.storyboard;
			sourceTree = "<group>";
		};
/* End PBXVariantGroup section */

/* Begin XCBuildConfiguration section */
		66D56A292474B473006E8796 /* Debug */ = {
			isa = XCBuildConfiguration;
			buildSettings = {
				ALWAYS_SEARCH_USER_PATHS = NO;
				CLANG_ANALYZER_NONNULL = YES;
				CLANG_ANALYZER_NUMBER_OBJECT_CONVERSION = YES_AGGRESSIVE;
				CLANG_CXX_LANGUAGE_STANDARD = "gnu++14";
				CLANG_CXX_LIBRARY = "libc++";
				CLANG_ENABLE_MODULES = YES;
				CLANG_ENABLE_OBJC_ARC = YES;
				CLANG_ENABLE_OBJC_WEAK = YES;
				CLANG_WARN_BLOCK_CAPTURE_AUTORELEASING = YES;
				CLANG_WARN_BOOL_CONVERSION = YES;
				CLANG_WARN_COMMA = YES;
				CLANG_WARN_CONSTANT_CONVERSION = YES;
				CLANG_WARN_DEPRECATED_OBJC_IMPLEMENTATIONS = YES;
				CLANG_WARN_DIRECT_OBJC_ISA_USAGE = YES_ERROR;
				CLANG_WARN_DOCUMENTATION_COMMENTS = YES;
				CLANG_WARN_EMPTY_BODY = YES;
				CLANG_WARN_ENUM_CONVERSION = YES;
				CLANG_WARN_INFINITE_RECURSION = YES;
				CLANG_WARN_INT_CONVERSION = YES;
				CLANG_WARN_NON_LITERAL_NULL_CONVERSION = YES;
				CLANG_WARN_OBJC_IMPLICIT_RETAIN_SELF = YES;
				CLANG_WARN_OBJC_LITERAL_CONVERSION = YES;
				CLANG_WARN_OBJC_ROOT_CLASS = YES_ERROR;
				CLANG_WARN_RANGE_LOOP_ANALYSIS = YES;
				CLANG_WARN_STRICT_PROTOTYPES = YES;
				CLANG_WARN_SUSPICIOUS_MOVE = YES;
				CLANG_WARN_UNGUARDED_AVAILABILITY = YES_AGGRESSIVE;
				CLANG_WARN_UNREACHABLE_CODE = YES;
				CLANG_WARN__DUPLICATE_METHOD_MATCH = YES;
				COPY_PHASE_STRIP = NO;
				DEBUG_INFORMATION_FORMAT = dwarf;
				ENABLE_STRICT_OBJC_MSGSEND = YES;
				ENABLE_TESTABILITY = YES;
				GCC_C_LANGUAGE_STANDARD = gnu11;
				GCC_DYNAMIC_NO_PIC = NO;
				GCC_NO_COMMON_BLOCKS = YES;
				GCC_OPTIMIZATION_LEVEL = 0;
				GCC_PREPROCESSOR_DEFINITIONS = (
					"DEBUG=1",
					"$(inherited)",
				);
				GCC_WARN_64_TO_32_BIT_CONVERSION = YES;
				GCC_WARN_ABOUT_RETURN_TYPE = YES_ERROR;
				GCC_WARN_UNDECLARED_SELECTOR = YES;
				GCC_WARN_UNINITIALIZED_AUTOS = YES_AGGRESSIVE;
				GCC_WARN_UNUSED_FUNCTION = YES;
				GCC_WARN_UNUSED_VARIABLE = YES;
				IPHONEOS_DEPLOYMENT_TARGET = 13.0;
				MTL_ENABLE_DEBUG_INFO = INCLUDE_SOURCE;
				MTL_FAST_MATH = YES;
				ONLY_ACTIVE_ARCH = YES;
				SDKROOT = iphoneos;
				SWIFT_ACTIVE_COMPILATION_CONDITIONS = DEBUG;
				SWIFT_OPTIMIZATION_LEVEL = "-Onone";
			};
			name = Debug;
		};
		66D56A2A2474B473006E8796 /* Release */ = {
			isa = XCBuildConfiguration;
			buildSettings = {
				ALWAYS_SEARCH_USER_PATHS = NO;
				CLANG_ANALYZER_NONNULL = YES;
				CLANG_ANALYZER_NUMBER_OBJECT_CONVERSION = YES_AGGRESSIVE;
				CLANG_CXX_LANGUAGE_STANDARD = "gnu++14";
				CLANG_CXX_LIBRARY = "libc++";
				CLANG_ENABLE_MODULES = YES;
				CLANG_ENABLE_OBJC_ARC = YES;
				CLANG_ENABLE_OBJC_WEAK = YES;
				CLANG_WARN_BLOCK_CAPTURE_AUTORELEASING = YES;
				CLANG_WARN_BOOL_CONVERSION = YES;
				CLANG_WARN_COMMA = YES;
				CLANG_WARN_CONSTANT_CONVERSION = YES;
				CLANG_WARN_DEPRECATED_OBJC_IMPLEMENTATIONS = YES;
				CLANG_WARN_DIRECT_OBJC_ISA_USAGE = YES_ERROR;
				CLANG_WARN_DOCUMENTATION_COMMENTS = YES;
				CLANG_WARN_EMPTY_BODY = YES;
				CLANG_WARN_ENUM_CONVERSION = YES;
				CLANG_WARN_INFINITE_RECURSION = YES;
				CLANG_WARN_INT_CONVERSION = YES;
				CLANG_WARN_NON_LITERAL_NULL_CONVERSION = YES;
				CLANG_WARN_OBJC_IMPLICIT_RETAIN_SELF = YES;
				CLANG_WARN_OBJC_LITERAL_CONVERSION = YES;
				CLANG_WARN_OBJC_ROOT_CLASS = YES_ERROR;
				CLANG_WARN_RANGE_LOOP_ANALYSIS = YES;
				CLANG_WARN_STRICT_PROTOTYPES = YES;
				CLANG_WARN_SUSPICIOUS_MOVE = YES;
				CLANG_WARN_UNGUARDED_AVAILABILITY = YES_AGGRESSIVE;
				CLANG_WARN_UNREACHABLE_CODE = YES;
				CLANG_WARN__DUPLICATE_METHOD_MATCH = YES;
				COPY_PHASE_STRIP = NO;
				DEBUG_INFORMATION_FORMAT = "dwarf-with-dsym";
				ENABLE_NS_ASSERTIONS = NO;
				ENABLE_STRICT_OBJC_MSGSEND = YES;
				GCC_C_LANGUAGE_STANDARD = gnu11;
				GCC_NO_COMMON_BLOCKS = YES;
				GCC_WARN_64_TO_32_BIT_CONVERSION = YES;
				GCC_WARN_ABOUT_RETURN_TYPE = YES_ERROR;
				GCC_WARN_UNDECLARED_SELECTOR = YES;
				GCC_WARN_UNINITIALIZED_AUTOS = YES_AGGRESSIVE;
				GCC_WARN_UNUSED_FUNCTION = YES;
				GCC_WARN_UNUSED_VARIABLE = YES;
				IPHONEOS_DEPLOYMENT_TARGET = 13.0;
				MTL_ENABLE_DEBUG_INFO = NO;
				MTL_FAST_MATH = YES;
				SDKROOT = iphoneos;
				SWIFT_COMPILATION_MODE = wholemodule;
				SWIFT_OPTIMIZATION_LEVEL = "-O";
				VALIDATE_PRODUCT = YES;
			};
			name = Release;
		};
		66D56A2C2474B473006E8796 /* Debug */ = {
			isa = XCBuildConfiguration;
			buildSettings = {
				ASSETCATALOG_COMPILER_APPICON_NAME = AppIcon;
				CODE_SIGN_ENTITLEMENTS = "USNWC Trails/USNWC Trails.entitlements";
				CODE_SIGN_STYLE = Automatic;
				CURRENT_PROJECT_VERSION = 7;
				DEVELOPMENT_ASSET_PATHS = "\"USNWC Trails/Preview Content\"";
				DEVELOPMENT_TEAM = Z59J59UNSF;
				ENABLE_PREVIEWS = YES;
				INFOPLIST_FILE = "USNWC Trails/Info.plist";
				LD_RUNPATH_SEARCH_PATHS = (
					"$(inherited)",
					"@executable_path/Frameworks",
				);
				PRODUCT_BUNDLE_IDENTIFIER = "sh.grid.USNWC-Trails";
				PRODUCT_NAME = "$(TARGET_NAME)";
				SWIFT_VERSION = 5.0;
				TARGETED_DEVICE_FAMILY = "1,2";
			};
			name = Debug;
		};
		66D56A2D2474B473006E8796 /* Release */ = {
			isa = XCBuildConfiguration;
			buildSettings = {
				ASSETCATALOG_COMPILER_APPICON_NAME = AppIcon;
				CODE_SIGN_ENTITLEMENTS = "USNWC Trails/USNWC Trails.entitlements";
				CODE_SIGN_STYLE = Automatic;
				CURRENT_PROJECT_VERSION = 7;
				DEVELOPMENT_ASSET_PATHS = "\"USNWC Trails/Preview Content\"";
				DEVELOPMENT_TEAM = Z59J59UNSF;
				ENABLE_PREVIEWS = YES;
				INFOPLIST_FILE = "USNWC Trails/Info.plist";
				LD_RUNPATH_SEARCH_PATHS = (
					"$(inherited)",
					"@executable_path/Frameworks",
				);
				PRODUCT_BUNDLE_IDENTIFIER = "sh.grid.USNWC-Trails";
				PRODUCT_NAME = "$(TARGET_NAME)";
				SWIFT_VERSION = 5.0;
				TARGETED_DEVICE_FAMILY = "1,2";
			};
			name = Release;
		};
/* End XCBuildConfiguration section */

/* Begin XCConfigurationList section */
		66D56A122474B473006E8796 /* Build configuration list for PBXProject "USNWC Trails" */ = {
			isa = XCConfigurationList;
			buildConfigurations = (
				66D56A292474B473006E8796 /* Debug */,
				66D56A2A2474B473006E8796 /* Release */,
			);
			defaultConfigurationIsVisible = 0;
			defaultConfigurationName = Release;
		};
		66D56A2B2474B473006E8796 /* Build configuration list for PBXNativeTarget "USNWC Trails" */ = {
			isa = XCConfigurationList;
			buildConfigurations = (
				66D56A2C2474B473006E8796 /* Debug */,
				66D56A2D2474B473006E8796 /* Release */,
			);
			defaultConfigurationIsVisible = 0;
			defaultConfigurationName = Release;
		};
/* End XCConfigurationList section */

/* Begin XCRemoteSwiftPackageReference section */
		662B06BE2479935200CD20B5 /* XCRemoteSwiftPackageReference "SwiftDate" */ = {
			isa = XCRemoteSwiftPackageReference;
			repositoryURL = "https://github.com/malcommac/SwiftDate.git";
			requirement = {
				kind = upToNextMajorVersion;
				minimumVersion = 6.1.0;
			};
		};
		662B06C4247AEFAB00CD20B5 /* XCRemoteSwiftPackageReference "SwiftyJSON" */ = {
			isa = XCRemoteSwiftPackageReference;
			repositoryURL = "https://github.com/SwiftyJSON/SwiftyJSON.git";
			requirement = {
				kind = upToNextMajorVersion;
				minimumVersion = 5.0.0;
			};
		};
		662B06CC247AFC7800CD20B5 /* XCRemoteSwiftPackageReference "SwiftHEXColors" */ = {
			isa = XCRemoteSwiftPackageReference;
			repositoryURL = "https://github.com/thii/SwiftHEXColors.git";
			requirement = {
				kind = upToNextMajorVersion;
				minimumVersion = 1.4.0;
			};
		};
/* End XCRemoteSwiftPackageReference section */

/* Begin XCSwiftPackageProductDependency section */
		662B06BF2479935200CD20B5 /* SwiftDate */ = {
			isa = XCSwiftPackageProductDependency;
			package = 662B06BE2479935200CD20B5 /* XCRemoteSwiftPackageReference "SwiftDate" */;
			productName = SwiftDate;
		};
		662B06C5247AEFAB00CD20B5 /* SwiftyJSON */ = {
			isa = XCSwiftPackageProductDependency;
			package = 662B06C4247AEFAB00CD20B5 /* XCRemoteSwiftPackageReference "SwiftyJSON" */;
			productName = SwiftyJSON;
		};
		662B06CD247AFC7800CD20B5 /* SwiftHEXColors */ = {
			isa = XCSwiftPackageProductDependency;
			package = 662B06CC247AFC7800CD20B5 /* XCRemoteSwiftPackageReference "SwiftHEXColors" */;
			productName = SwiftHEXColors;
		};
/* End XCSwiftPackageProductDependency section */
	};
	rootObject = 66D56A0F2474B473006E8796 /* Project object */;
}
